
Microsoft Visual Studio Solution File, Format Version 12.00
# Visual Studio 15
VisualStudioVersion = 15.0.28307.438
MinimumVisualStudioVersion = 10.0.40219.1
Project("{2150E333-8FDC-42A3-9474-1A3956D46DE8}") = "1.Apresentacao", "1.Apresentacao", "{092F2447-3DEF-469B-B639-D5D6F9D5F5E1}"
EndProject
Project("{2150E333-8FDC-42A3-9474-1A3956D46DE8}") = "2.Aplicacao", "2.Aplicacao", "{1FA26E72-6A42-4012-A71E-8BAB94DADF4B}"
EndProject
Project("{2150E333-8FDC-42A3-9474-1A3956D46DE8}") = "3.Dominio", "3.Dominio", "{D0089AAB-2C58-4859-B233-7004AD2EA836}"
EndProject
Project("{2150E333-8FDC-42A3-9474-1A3956D46DE8}") = "4.Infraestrutura", "4.Infraestrutura", "{10E8EA05-39CE-447D-BA50-204E62A9DBAC}"
EndProject
Project("{2150E333-8FDC-42A3-9474-1A3956D46DE8}") = "Modelo", "Modelo", "{9FE92611-A8EC-4392-A11D-56E3D9EB0615}"
EndProject
Project("{FAE04EC0-301F-11D3-BF4B-00C04F79EFBC}") = "MexeMexe.Dominio.Modelo", "MexeMexe.Dominio.Modelo\MexeMexe.Dominio.Modelo.csproj", "{C5BD0105-8F95-4311-9BF0-B489DDDF332A}"
EndProject
Project("{2150E333-8FDC-42A3-9474-1A3956D46DE8}") = "Implementacao", "Implementacao", "{77A0DC7C-A5FF-4FA1-9D2A-FC87E38A5092}"
EndProject
Project("{FAE04EC0-301F-11D3-BF4B-00C04F79EFBC}") = "MexeMexe.Implementacao.Engine", "MexeMexe.Implementacao.Engine\MexeMexe.Implementacao.Engine.csproj", "{9E662C04-8AAF-4E1C-94DD-79DB3191DE37}"
EndProject
Project("{2150E333-8FDC-42A3-9474-1A3956D46DE8}") = "6.Testes", "6.Testes", "{21BDBD7A-1705-4D60-88BE-F4830D7345AA}"
EndProject
Project("{FAE04EC0-301F-11D3-BF4B-00C04F79EFBC}") = "MexeMexe.Testes", "MexeMexe.Testes\MexeMexe.Testes.csproj", "{4C997B33-9203-468E-B285-02D32001696F}"
EndProject
Global
	GlobalSection(SolutionConfigurationPlatforms) = preSolution
		Debug|Any CPU = Debug|Any CPU
		Release|Any CPU = Release|Any CPU
	EndGlobalSection
	GlobalSection(ProjectConfigurationPlatforms) = postSolution
		{C5BD0105-8F95-4311-9BF0-B489DDDF332A}.Debug|Any CPU.ActiveCfg = Debug|Any CPU
		{C5BD0105-8F95-4311-9BF0-B489DDDF332A}.Debug|Any CPU.Build.0 = Debug|Any CPU
		{C5BD0105-8F95-4311-9BF0-B489DDDF332A}.Release|Any CPU.ActiveCfg = Release|Any CPU
		{C5BD0105-8F95-4311-9BF0-B489DDDF332A}.Release|Any CPU.Build.0 = Release|Any CPU
		{9E662C04-8AAF-4E1C-94DD-79DB3191DE37}.Debug|Any CPU.ActiveCfg = Debug|Any CPU
		{9E662C04-8AAF-4E1C-94DD-79DB3191DE37}.Debug|Any CPU.Build.0 = Debug|Any CPU
		{9E662C04-8AAF-4E1C-94DD-79DB3191DE37}.Release|Any CPU.ActiveCfg = Release|Any CPU
		{9E662C04-8AAF-4E1C-94DD-79DB3191DE37}.Release|Any CPU.Build.0 = Release|Any CPU
		{4C997B33-9203-468E-B285-02D32001696F}.Debug|Any CPU.ActiveCfg = Debug|Any CPU
		{4C997B33-9203-468E-B285-02D32001696F}.Debug|Any CPU.Build.0 = Debug|Any CPU
		{4C997B33-9203-468E-B285-02D32001696F}.Release|Any CPU.ActiveCfg = Release|Any CPU
		{4C997B33-9203-468E-B285-02D32001696F}.Release|Any CPU.Build.0 = Release|Any CPU
	EndGlobalSection
	GlobalSection(SolutionProperties) = preSolution
		HideSolutionNode = FALSE
	EndGlobalSection
	GlobalSection(NestedProjects) = preSolution
		{9FE92611-A8EC-4392-A11D-56E3D9EB0615} = {D0089AAB-2C58-4859-B233-7004AD2EA836}
		{C5BD0105-8F95-4311-9BF0-B489DDDF332A} = {9FE92611-A8EC-4392-A11D-56E3D9EB0615}
		{77A0DC7C-A5FF-4FA1-9D2A-FC87E38A5092} = {D0089AAB-2C58-4859-B233-7004AD2EA836}
		{9E662C04-8AAF-4E1C-94DD-79DB3191DE37} = {77A0DC7C-A5FF-4FA1-9D2A-FC87E38A5092}
		{4C997B33-9203-468E-B285-02D32001696F} = {21BDBD7A-1705-4D60-88BE-F4830D7345AA}
	EndGlobalSection
	GlobalSection(ExtensibilityGlobals) = postSolution
		SolutionGuid = {589CEB42-0234-43D7-9F36-876A4036D96D}
	EndGlobalSection
EndGlobal
